// !$*UTF8*$!
{
	archiveVersion = 1;
	classes = {
	};
	objectVersion = 46;
	objects = {

/* Begin PBXBuildFile section */
		4E0779C81C8B1BF700815763 /* main.m in Sources */ = {isa = PBXBuildFile; fileRef = 4E0779C71C8B1BF700815763 /* main.m */; };
		4E0779CB1C8B1BF700815763 /* AppDelegate.m in Sources */ = {isa = PBXBuildFile; fileRef = 4E0779CA1C8B1BF700815763 /* AppDelegate.m */; };
		4E0779CD1C8B1BF700815763 /* Assets.xcassets in Resources */ = {isa = PBXBuildFile; fileRef = 4E0779CC1C8B1BF700815763 /* Assets.xcassets */; };
		4E0779D01C8B1BF700815763 /* LaunchScreen.storyboard in Resources */ = {isa = PBXBuildFile; fileRef = 4E0779CE1C8B1BF700815763 /* LaunchScreen.storyboard */; };
		4E0779DB1C8B1BF700815763 /* QuizTests.m in Sources */ = {isa = PBXBuildFile; fileRef = 4E0779DA1C8B1BF700815763 /* QuizTests.m */; };
		4E0779E61C8B1BF700815763 /* QuizUITests.m in Sources */ = {isa = PBXBuildFile; fileRef = 4E0779E51C8B1BF700815763 /* QuizUITests.m */; };
		4E0779F81C8B1DE500815763 /* BNRQuizViewController.xib in Resources */ = {isa = PBXBuildFile; fileRef = 4E0779F71C8B1DE500815763 /* BNRQuizViewController.xib */; };
		4E0779FB1C8B237D00815763 /* BNRQuizViewController.m in Sources */ = {isa = PBXBuildFile; fileRef = 4E0779FA1C8B237D00815763 /* BNRQuizViewController.m */; };
/* End PBXBuildFile section */

/* Begin PBXContainerItemProxy section */
		4E0779D71C8B1BF700815763 /* PBXContainerItemProxy */ = {
			isa = PBXContainerItemProxy;
			containerPortal = 4E0779BB1C8B1BF600815763 /* Project object */;
			proxyType = 1;
			remoteGlobalIDString = 4E0779C21C8B1BF600815763;
			remoteInfo = Quiz;
		};
		4E0779E21C8B1BF700815763 /* PBXContainerItemProxy */ = {
			isa = PBXContainerItemProxy;
			containerPortal = 4E0779BB1C8B1BF600815763 /* Project object */;
			proxyType = 1;
			remoteGlobalIDString = 4E0779C21C8B1BF600815763;
			remoteInfo = Quiz;
		};
/* End PBXContainerItemProxy section */

/* Begin PBXFileReference section */
		4E0779C31C8B1BF700815763 /* Quiz.app */ = {isa = PBXFileReference; explicitFileType = wrapper.application; includeInIndex = 0; path = Quiz.app; sourceTree = BUILT_PRODUCTS_DIR; };
		4E0779C71C8B1BF700815763 /* main.m */ = {isa = PBXFileReference; lastKnownFileType = sourcecode.c.objc; path = main.m; sourceTree = "<group>"; };
		4E0779C91C8B1BF700815763 /* AppDelegate.h */ = {isa = PBXFileReference; lastKnownFileType = sourcecode.c.h; path = AppDelegate.h; sourceTree = "<group>"; };
		4E0779CA1C8B1BF700815763 /* AppDelegate.m */ = {isa = PBXFileReference; lastKnownFileType = sourcecode.c.objc; path = AppDelegate.m; sourceTree = "<group>"; };
		4E0779CC1C8B1BF700815763 /* Assets.xcassets */ = {isa = PBXFileReference; lastKnownFileType = folder.assetcatalog; path = Assets.xcassets; sourceTree = "<group>"; };
		4E0779CF1C8B1BF700815763 /* Base */ = {isa = PBXFileReference; lastKnownFileType = file.storyboard; name = Base; path = Base.lproj/LaunchScreen.storyboard; sourceTree = "<group>"; };
		4E0779D11C8B1BF700815763 /* Info.plist */ = {isa = PBXFileReference; lastKnownFileType = text.plist.xml; path = Info.plist; sourceTree = "<group>"; };
		4E0779D61C8B1BF700815763 /* QuizTests.xctest */ = {isa = PBXFileReference; explicitFileType = wrapper.cfbundle; includeInIndex = 0; path = QuizTests.xctest; sourceTree = BUILT_PRODUCTS_DIR; };
		4E0779DA1C8B1BF700815763 /* QuizTests.m */ = {isa = PBXFileReference; lastKnownFileType = sourcecode.c.objc; path = QuizTests.m; sourceTree = "<group>"; };
		4E0779DC1C8B1BF700815763 /* Info.plist */ = {isa = PBXFileReference; lastKnownFileType = text.plist.xml; path = Info.plist; sourceTree = "<group>"; };
		4E0779E11C8B1BF700815763 /* QuizUITests.xctest */ = {isa = PBXFileReference; explicitFileType = wrapper.cfbundle; includeInIndex = 0; path = QuizUITests.xctest; sourceTree = BUILT_PRODUCTS_DIR; };
		4E0779E51C8B1BF700815763 /* QuizUITests.m */ = {isa = PBXFileReference; lastKnownFileType = sourcecode.c.objc; path = QuizUITests.m; sourceTree = "<group>"; };
		4E0779E71C8B1BF700815763 /* Info.plist */ = {isa = PBXFileReference; lastKnownFileType = text.plist.xml; path = Info.plist; sourceTree = "<group>"; };
		4E0779F71C8B1DE500815763 /* BNRQuizViewController.xib */ = {isa = PBXFileReference; fileEncoding = 4; lastKnownFileType = file.xib; path = BNRQuizViewController.xib; sourceTree = "<group>"; };
		4E0779F91C8B237D00815763 /* BNRQuizViewController.h */ = {isa = PBXFileReference; fileEncoding = 4; lastKnownFileType = sourcecode.c.h; path = BNRQuizViewController.h; sourceTree = "<group>"; };
		4E0779FA1C8B237D00815763 /* BNRQuizViewController.m */ = {isa = PBXFileReference; fileEncoding = 4; lastKnownFileType = sourcecode.c.objc; path = BNRQuizViewController.m; sourceTree = "<group>"; };
/* End PBXFileReference section */

/* Begin PBXFrameworksBuildPhase section */
		4E0779C01C8B1BF600815763 /* Frameworks */ = {
			isa = PBXFrameworksBuildPhase;
			buildActionMask = 2147483647;
			files = (
			);
			runOnlyForDeploymentPostprocessing = 0;
		};
		4E0779D31C8B1BF700815763 /* Frameworks */ = {
			isa = PBXFrameworksBuildPhase;
			buildActionMask = 2147483647;
			files = (
			);
			runOnlyForDeploymentPostprocessing = 0;
		};
		4E0779DE1C8B1BF700815763 /* Frameworks */ = {
			isa = PBXFrameworksBuildPhase;
			buildActionMask = 2147483647;
			files = (
			);
			runOnlyForDeploymentPostprocessing = 0;
		};
/* End PBXFrameworksBuildPhase section */

/* Begin PBXGroup section */
		4E0779BA1C8B1BF600815763 = {
			isa = PBXGroup;
			children = (
				4E0779C51C8B1BF700815763 /* Quiz */,
				4E0779D91C8B1BF700815763 /* QuizTests */,
				4E0779E41C8B1BF700815763 /* QuizUITests */,
				4E0779C41C8B1BF700815763 /* Products */,
			);
			sourceTree = "<group>";
			usesTabs = 0;
		};
		4E0779C41C8B1BF700815763 /* Products */ = {
			isa = PBXGroup;
			children = (
				4E0779C31C8B1BF700815763 /* Quiz.app */,
				4E0779D61C8B1BF700815763 /* QuizTests.xctest */,
				4E0779E11C8B1BF700815763 /* QuizUITests.xctest */,
			);
			name = Products;
			sourceTree = "<group>";
		};
		4E0779C51C8B1BF700815763 /* Quiz */ = {
			isa = PBXGroup;
			children = (
				4E0779F91C8B237D00815763 /* BNRQuizViewController.h */,
				4E0779FA1C8B237D00815763 /* BNRQuizViewController.m */,
				4E0779F71C8B1DE500815763 /* BNRQuizViewController.xib */,
				4E0779C91C8B1BF700815763 /* AppDelegate.h */,
				4E0779CA1C8B1BF700815763 /* AppDelegate.m */,
				4E0779CC1C8B1BF700815763 /* Assets.xcassets */,
				4E0779CE1C8B1BF700815763 /* LaunchScreen.storyboard */,
				4E0779D11C8B1BF700815763 /* Info.plist */,
				4E0779C61C8B1BF700815763 /* Supporting Files */,
			);
			path = Quiz;
			sourceTree = "<group>";
		};
		4E0779C61C8B1BF700815763 /* Supporting Files */ = {
			isa = PBXGroup;
			children = (
				4E0779C71C8B1BF700815763 /* main.m */,
			);
			name = "Supporting Files";
			sourceTree = "<group>";
		};
		4E0779D91C8B1BF700815763 /* QuizTests */ = {
			isa = PBXGroup;
			children = (
				4E0779DA1C8B1BF700815763 /* QuizTests.m */,
				4E0779DC1C8B1BF700815763 /* Info.plist */,
			);
			path = QuizTests;
			sourceTree = "<group>";
		};
		4E0779E41C8B1BF700815763 /* QuizUITests */ = {
			isa = PBXGroup;
			children = (
				4E0779E51C8B1BF700815763 /* QuizUITests.m */,
				4E0779E71C8B1BF700815763 /* Info.plist */,
			);
			path = QuizUITests;
			sourceTree = "<group>";
		};
/* End PBXGroup section */

/* Begin PBXNativeTarget section */
		4E0779C21C8B1BF600815763 /* Quiz */ = {
			isa = PBXNativeTarget;
			buildConfigurationList = 4E0779EA1C8B1BF700815763 /* Build configuration list for PBXNativeTarget "Quiz" */;
			buildPhases = (
				4E0779BF1C8B1BF600815763 /* Sources */,
				4E0779C01C8B1BF600815763 /* Frameworks */,
				4E0779C11C8B1BF600815763 /* Resources */,
			);
			buildRules = (
			);
			dependencies = (
			);
			name = Quiz;
			productName = Quiz;
			productReference = 4E0779C31C8B1BF700815763 /* Quiz.app */;
			productType = "com.apple.product-type.application";
		};
		4E0779D51C8B1BF700815763 /* QuizTests */ = {
			isa = PBXNativeTarget;
			buildConfigurationList = 4E0779ED1C8B1BF700815763 /* Build configuration list for PBXNativeTarget "QuizTests" */;
			buildPhases = (
				4E0779D21C8B1BF700815763 /* Sources */,
				4E0779D31C8B1BF700815763 /* Frameworks */,
				4E0779D41C8B1BF700815763 /* Resources */,
			);
			buildRules = (
			);
			dependencies = (
				4E0779D81C8B1BF700815763 /* PBXTargetDependency */,
			);
			name = QuizTests;
			productName = QuizTests;
			productReference = 4E0779D61C8B1BF700815763 /* QuizTests.xctest */;
			productType = "com.apple.product-type.bundle.unit-test";
		};
		4E0779E01C8B1BF700815763 /* QuizUITests */ = {
			isa = PBXNativeTarget;
			buildConfigurationList = 4E0779F01C8B1BF700815763 /* Build configuration list for PBXNativeTarget "QuizUITests" */;
			buildPhases = (
				4E0779DD1C8B1BF700815763 /* Sources */,
				4E0779DE1C8B1BF700815763 /* Frameworks */,
				4E0779DF1C8B1BF700815763 /* Resources */,
			);
			buildRules = (
			);
			dependencies = (
				4E0779E31C8B1BF700815763 /* PBXTargetDependency */,
			);
			name = QuizUITests;
			productName = QuizUITests;
			productReference = 4E0779E11C8B1BF700815763 /* QuizUITests.xctest */;
			productType = "com.apple.product-type.bundle.ui-testing";
		};
/* End PBXNativeTarget section */

/* Begin PBXProject section */
		4E0779BB1C8B1BF600815763 /* Project object */ = {
			isa = PBXProject;
			attributes = {
				CLASSPREFIX = BNR;
				LastUpgradeCheck = 0720;
				ORGANIZATIONNAME = "Big Nerd Ranch";
				TargetAttributes = {
					4E0779C21C8B1BF600815763 = {
						CreatedOnToolsVersion = 7.2;
					};
					4E0779D51C8B1BF700815763 = {
						CreatedOnToolsVersion = 7.2;
						TestTargetID = 4E0779C21C8B1BF600815763;
					};
					4E0779E01C8B1BF700815763 = {
						CreatedOnToolsVersion = 7.2;
						TestTargetID = 4E0779C21C8B1BF600815763;
					};
				};
			};
			buildConfigurationList = 4E0779BE1C8B1BF600815763 /* Build configuration list for PBXProject "Quiz" */;
			compatibilityVersion = "Xcode 3.2";
			developmentRegion = English;
			hasScannedForEncodings = 0;
			knownRegions = (
				en,
				Base,
			);
			mainGroup = 4E0779BA1C8B1BF600815763;
			productRefGroup = 4E0779C41C8B1BF700815763 /* Products */;
			projectDirPath = "";
			projectRoot = "";
			targets = (
				4E0779C21C8B1BF600815763 /* Quiz */,
				4E0779D51C8B1BF700815763 /* QuizTests */,
				4E0779E01C8B1BF700815763 /* QuizUITests */,
			);
		};
/* End PBXProject section */

/* Begin PBXResourcesBuildPhase section */
		4E0779C11C8B1BF600815763 /* Resources */ = {
			isa = PBXResourcesBuildPhase;
			buildActionMask = 2147483647;
			files = (
				4E0779CD1C8B1BF700815763 /* Assets.xcassets in Resources */,
				4E0779F81C8B1DE500815763 /* BNRQuizViewController.xib in Resources */,
				4E0779D01C8B1BF700815763 /* LaunchScreen.storyboard in Resources */,
			);
			runOnlyForDeploymentPostprocessing = 0;
		};
		4E0779D41C8B1BF700815763 /* Resources */ = {
			isa = PBXResourcesBuildPhase;
			buildActionMask = 2147483647;
			files = (
			);
			runOnlyForDeploymentPostprocessing = 0;
		};
		4E0779DF1C8B1BF700815763 /* Resources */ = {
			isa = PBXResourcesBuildPhase;
			buildActionMask = 2147483647;
			files = (
			);
			runOnlyForDeploymentPostprocessing = 0;
		};
/* End PBXResourcesBuildPhase section */

/* Begin PBXSourcesBuildPhase section */
		4E0779BF1C8B1BF600815763 /* Sources */ = {
			isa = PBXSourcesBuildPhase;
			buildActionMask = 2147483647;
			files = (
				4E0779CB1C8B1BF700815763 /* AppDelegate.m in Sources */,
				4E0779C81C8B1BF700815763 /* main.m in Sources */,
				4E0779FB1C8B237D00815763 /* BNRQuizViewController.m in Sources */,
			);
			runOnlyForDeploymentPostprocessing = 0;
		};
		4E0779D21C8B1BF700815763 /* Sources */ = {
			isa = PBXSourcesBuildPhase;
			buildActionMask = 2147483647;
			files = (
				4E0779DB1C8B1BF700815763 /* QuizTests.m in Sources */,
			);
			runOnlyForDeploymentPostprocessing = 0;
		};
		4E0779DD1C8B1BF700815763 /* Sources */ = {
			isa = PBXSourcesBuildPhase;
			buildActionMask = 2147483647;
			files = (
				4E0779E61C8B1BF700815763 /* QuizUITests.m in Sources */,
			);
			runOnlyForDeploymentPostprocessing = 0;
		};
/* End PBXSourcesBuildPhase section */

/* Begin PBXTargetDependency section */
		4E0779D81C8B1BF700815763 /* PBXTargetDependency */ = {
			isa = PBXTargetDependency;
			target = 4E0779C21C8B1BF600815763 /* Quiz */;
			targetProxy = 4E0779D71C8B1BF700815763 /* PBXContainerItemProxy */;
		};
		4E0779E31C8B1BF700815763 /* PBXTargetDependency */ = {
			isa = PBXTargetDependency;
			target = 4E0779C21C8B1BF600815763 /* Quiz */;
			targetProxy = 4E0779E21C8B1BF700815763 /* PBXContainerItemProxy */;
		};
/* End PBXTargetDependency section */

/* Begin PBXVariantGroup section */
		4E0779CE1C8B1BF700815763 /* LaunchScreen.storyboard */ = {
			isa = PBXVariantGroup;
			children = (
				4E0779CF1C8B1BF700815763 /* Base */,
			);
			name = LaunchScreen.storyboard;
			sourceTree = "<group>";
		};
/* End PBXVariantGroup section */

/* Begin XCBuildConfiguration section */
		4E0779E81C8B1BF700815763 /* Debug */ = {
			isa = XCBuildConfiguration;
			buildSettings = {
				ALWAYS_SEARCH_USER_PATHS = NO;
				CLANG_CXX_LANGUAGE_STANDARD = "gnu++0x";
				CLANG_CXX_LIBRARY = "libc++";
				CLANG_ENABLE_MODULES = YES;
				CLANG_ENABLE_OBJC_ARC = YES;
				CLANG_WARN_BOOL_CONVERSION = YES;
				CLANG_WARN_CONSTANT_CONVERSION = YES;
				CLANG_WARN_DIRECT_OBJC_ISA_USAGE = YES_ERROR;
				CLANG_WARN_EMPTY_BODY = YES;
				CLANG_WARN_ENUM_CONVERSION = YES;
				CLANG_WARN_INT_CONVERSION = YES;
				CLANG_WARN_OBJC_ROOT_CLASS = YES_ERROR;
				CLANG_WARN_UNREACHABLE_CODE = YES;
				CLANG_WARN__DUPLICATE_METHOD_MATCH = YES;
				"CODE_SIGN_IDENTITY[sdk=iphoneos*]" = "iPhone Developer";
				COPY_PHASE_STRIP = NO;
				DEBUG_INFORMATION_FORMAT = dwarf;
				ENABLE_STRICT_OBJC_MSGSEND = YES;
				ENABLE_TESTABILITY = YES;
				GCC_C_LANGUAGE_STANDARD = gnu99;
				GCC_DYNAMIC_NO_PIC = NO;
				GCC_NO_COMMON_BLOCKS = YES;
				GCC_OPTIMIZATION_LEVEL = 0;
				GCC_PREPROCESSOR_DEFINITIONS = (
					"DEBUG=1",
					"$(inherited)",
				);
				GCC_WARN_64_TO_32_BIT_CONVERSION = YES;
				GCC_WARN_ABOUT_RETURN_TYPE = YES_ERROR;
				GCC_WARN_UNDECLARED_SELECTOR = YES;
				GCC_WARN_UNINITIALIZED_AUTOS = YES_AGGRESSIVE;
				GCC_WARN_UNUSED_FUNCTION = YES;
				GCC_WARN_UNUSED_VARIABLE = YES;
				IPHONEOS_DEPLOYMENT_TARGET = 9.2;
				MTL_ENABLE_DEBUG_INFO = YES;
				ONLY_ACTIVE_ARCH = YES;
				SDKROOT = iphoneos;
			};
			name = Debug;
		};
		4E0779E91C8B1BF700815763 /* Release */ = {
			isa = XCBuildConfiguration;
			buildSettings = {
				ALWAYS_SEARCH_USER_PATHS = NO;
				CLANG_CXX_LANGUAGE_STANDARD = "gnu++0x";
				CLANG_CXX_LIBRARY = "libc++";
				CLANG_ENABLE_MODULES = YES;
				CLANG_ENABLE_OBJC_ARC = YES;
				CLANG_WARN_BOOL_CONVERSION = YES;
				CLANG_WARN_CONSTANT_CONVERSION = YES;
				CLANG_WARN_DIRECT_OBJC_ISA_USAGE = YES_ERROR;
				CLANG_WARN_EMPTY_BODY = YES;
				CLANG_WARN_ENUM_CONVERSION = YES;
				CLANG_WARN_INT_CONVERSION = YES;
				CLANG_WARN_OBJC_ROOT_CLASS = YES_ERROR;
				CLANG_WARN_UNREACHABLE_CODE = YES;
				CLANG_WARN__DUPLICATE_METHOD_MATCH = YES;
				"CODE_SIGN_IDENTITY[sdk=iphoneos*]" = "iPhone Developer";
				COPY_PHASE_STRIP = NO;
				DEBUG_INFORMATION_FORMAT = "dwarf-with-dsym";
				ENABLE_NS_ASSERTIONS = NO;
				ENABLE_STRICT_OBJC_MSGSEND = YES;
				GCC_C_LANGUAGE_STANDARD = gnu99;
				GCC_NO_COMMON_BLOCKS = YES;
				GCC_WARN_64_TO_32_BIT_CONVERSION = YES;
				GCC_WARN_ABOUT_RETURN_TYPE = YES_ERROR;
				GCC_WARN_UNDECLARED_SELECTOR = YES;
				GCC_WARN_UNINITIALIZED_AUTOS = YES_AGGRESSIVE;
				GCC_WARN_UNUSED_FUNCTION = YES;
				GCC_WARN_UNUSED_VARIABLE = YES;
				IPHONEOS_DEPLOYMENT_TARGET = 9.2;
				MTL_ENABLE_DEBUG_INFO = NO;
				SDKROOT = iphoneos;
				VALIDATE_PRODUCT = YES;
			};
			name = Release;
		};
		4E0779EB1C8B1BF700815763 /* Debug */ = {
			isa = XCBuildConfiguration;
			buildSettings = {
				ASSETCATALOG_COMPILER_APPICON_NAME = AppIcon;
				INFOPLIST_FILE = Quiz/Info.plist;
				LD_RUNPATH_SEARCH_PATHS = "$(inherited) @executable_path/Frameworks";
				PRODUCT_BUNDLE_IDENTIFIER = com.bignerdranch.Quiz;
				PRODUCT_NAME = "$(TARGET_NAME)";
			};
			name = Debug;
		};
		4E0779EC1C8B1BF700815763 /* Release */ = {
			isa = XCBuildConfiguration;
			buildSettings = {
				ASSETCATALOG_COMPILER_APPICON_NAME = AppIcon;
				INFOPLIST_FILE = Quiz/Info.plist;
				LD_RUNPATH_SEARCH_PATHS = "$(inherited) @executable_path/Frameworks";
				PRODUCT_BUNDLE_IDENTIFIER = com.bignerdranch.Quiz;
				PRODUCT_NAME = "$(TARGET_NAME)";
			};
			name = Release;
		};
		4E0779EE1C8B1BF700815763 /* Debug */ = {
			isa = XCBuildConfiguration;
			buildSettings = {
				BUNDLE_LOADER = "$(TEST_HOST)";
				INFOPLIST_FILE = QuizTests/Info.plist;
				LD_RUNPATH_SEARCH_PATHS = "$(inherited) @executable_path/Frameworks @loader_path/Frameworks";
				PRODUCT_BUNDLE_IDENTIFIER = com.bignerdranch.QuizTests;
				PRODUCT_NAME = "$(TARGET_NAME)";
				TEST_HOST = "$(BUILT_PRODUCTS_DIR)/Quiz.app/Quiz";
			};
			name = Debug;
		};
		4E0779EF1C8B1BF700815763 /* Release */ = {
			isa = XCBuildConfiguration;
			buildSettings = {
				BUNDLE_LOADER = "$(TEST_HOST)";
				INFOPLIST_FILE = QuizTests/Info.plist;
				LD_RUNPATH_SEARCH_PATHS = "$(inherited) @executable_path/Frameworks @loader_path/Frameworks";
				PRODUCT_BUNDLE_IDENTIFIER = com.bignerdranch.QuizTests;
				PRODUCT_NAME = "$(TARGET_NAME)";
				TEST_HOST = "$(BUILT_PRODUCTS_DIR)/Quiz.app/Quiz";
			};
			name = Release;
		};
		4E0779F11C8B1BF700815763 /* Debug */ = {
			isa = XCBuildConfiguration;
			buildSettings = {
				INFOPLIST_FILE = QuizUITests/Info.plist;
				LD_RUNPATH_SEARCH_PATHS = "$(inherited) @executable_path/Frameworks @loader_path/Frameworks";
				PRODUCT_BUNDLE_IDENTIFIER = com.bignerdranch.QuizUITests;
				PRODUCT_NAME = "$(TARGET_NAME)";
				TEST_TARGET_NAME = Quiz;
				USES_XCTRUNNER = YES;
			};
			name = Debug;
		};
		4E0779F21C8B1BF700815763 /* Release */ = {
			isa = XCBuildConfiguration;
			buildSettings = {
				INFOPLIST_FILE = QuizUITests/Info.plist;
				LD_RUNPATH_SEARCH_PATHS = "$(inherited) @executable_path/Frameworks @loader_path/Frameworks";
				PRODUCT_BUNDLE_IDENTIFIER = com.bignerdranch.QuizUITests;
				PRODUCT_NAME = "$(TARGET_NAME)";
				TEST_TARGET_NAME = Quiz;
				USES_XCTRUNNER = YES;
			};
			name = Release;
		};
/* End XCBuildConfiguration section */

/* Begin XCConfigurationList section */
		4E0779BE1C8B1BF600815763 /* Build configuration list for PBXProject "Quiz" */ = {
			isa = XCConfigurationList;
			buildConfigurations = (
				4E0779E81C8B1BF700815763 /* Debug */,
				4E0779E91C8B1BF700815763 /* Release */,
			);
			defaultConfigurationIsVisible = 0;
			defaultConfigurationName = Release;
		};
		4E0779EA1C8B1BF700815763 /* Build configuration list for PBXNativeTarget "Quiz" */ = {
			isa = XCConfigurationList;
			buildConfigurations = (
				4E0779EB1C8B1BF700815763 /* Debug */,
				4E0779EC1C8B1BF700815763 /* Release */,
			);
			defaultConfigurationIsVisible = 0;
		};
		4E0779ED1C8B1BF700815763 /* Build configuration list for PBXNativeTarget "QuizTests" */ = {
			isa = XCConfigurationList;
			buildConfigurations = (
				4E0779EE1C8B1BF700815763 /* Debug */,
				4E0779EF1C8B1BF700815763 /* Release */,
			);
			defaultConfigurationIsVisible = 0;
		};
		4E0779F01C8B1BF700815763 /* Build configuration list for PBXNativeTarget "QuizUITests" */ = {
			isa = XCConfigurationList;
			buildConfigurations = (
				4E0779F11C8B1BF700815763 /* Debug */,
				4E0779F21C8B1BF700815763 /* Release */,
			);
			defaultConfigurationIsVisible = 0;
		};
/* End XCConfigurationList section */
	};
	rootObject = 4E0779BB1C8B1BF600815763 /* Project object */;
}
